// !$*UTF8*$!
{
	archiveVersion = 1;
	classes = {
	};
	objectVersion = 51;
	objects = {

/* Begin PBXBuildFile section */
		E136CBB2234B2DAB001B8B8A /* AppDelegate.swift in Sources */ = {isa = PBXBuildFile; fileRef = E136CBB1234B2DAB001B8B8A /* AppDelegate.swift */; };
		E136CBBB234B2DAD001B8B8A /* Assets.xcassets in Resources */ = {isa = PBXBuildFile; fileRef = E136CBBA234B2DAD001B8B8A /* Assets.xcassets */; };
		E136CBBE234B2DAD001B8B8A /* LaunchScreen.storyboard in Resources */ = {isa = PBXBuildFile; fileRef = E136CBBC234B2DAD001B8B8A /* LaunchScreen.storyboard */; };
		E136CBD0234B35A9001B8B8A /* ModuleTransitionable.swift in Sources */ = {isa = PBXBuildFile; fileRef = E136CBCF234B35A9001B8B8A /* ModuleTransitionable.swift */; };
		E136CBDB234B363F001B8B8A /* Localizable.strings in Resources */ = {isa = PBXBuildFile; fileRef = E136CBDD234B363F001B8B8A /* Localizable.strings */; };
		E136CBE9234B3899001B8B8A /* LaunchModuleConfigurator.swift in Sources */ = {isa = PBXBuildFile; fileRef = E136CBE8234B3899001B8B8A /* LaunchModuleConfigurator.swift */; };
		E136CBEB234B38CC001B8B8A /* LaunchRouterInput.swift in Sources */ = {isa = PBXBuildFile; fileRef = E136CBEA234B38CC001B8B8A /* LaunchRouterInput.swift */; };
		E136CBED234B38D5001B8B8A /* LaunchRouter.swift in Sources */ = {isa = PBXBuildFile; fileRef = E136CBEC234B38D5001B8B8A /* LaunchRouter.swift */; };
		E136CBEF234B3937001B8B8A /* LaunchPresenter.swift in Sources */ = {isa = PBXBuildFile; fileRef = E136CBEE234B3937001B8B8A /* LaunchPresenter.swift */; };
		E136CBF1234B394C001B8B8A /* LaunchViewController.swift in Sources */ = {isa = PBXBuildFile; fileRef = E136CBF0234B394C001B8B8A /* LaunchViewController.swift */; };
		E136CBF3234B3995001B8B8A /* LaunchViewOutput.swift in Sources */ = {isa = PBXBuildFile; fileRef = E136CBF2234B3995001B8B8A /* LaunchViewOutput.swift */; };
		E136CBF5234B39DB001B8B8A /* LaunchViewController.storyboard in Resources */ = {isa = PBXBuildFile; fileRef = E136CBF4234B39DB001B8B8A /* LaunchViewController.storyboard */; };
		E136CBF8234B4153001B8B8A /* R.generated.swift in Sources */ = {isa = PBXBuildFile; fileRef = E136CBF7234B4153001B8B8A /* R.generated.swift */; };
		E136CBFD234B43D3001B8B8A /* RootModuleConfigurator.swift in Sources */ = {isa = PBXBuildFile; fileRef = E136CBFC234B43D3001B8B8A /* RootModuleConfigurator.swift */; };
		E136CBFF234B43E8001B8B8A /* TabBarEnum.swift in Sources */ = {isa = PBXBuildFile; fileRef = E136CBFE234B43E8001B8B8A /* TabBarEnum.swift */; };
		E136CC01234B45D5001B8B8A /* TabBarViewModel.swift in Sources */ = {isa = PBXBuildFile; fileRef = E136CC00234B45D5001B8B8A /* TabBarViewModel.swift */; };
		E136CC04234B4650001B8B8A /* RootViewController.swift in Sources */ = {isa = PBXBuildFile; fileRef = E136CC03234B4650001B8B8A /* RootViewController.swift */; };
		E136CC0B234B4840001B8B8A /* TabItemNavigationController.swift in Sources */ = {isa = PBXBuildFile; fileRef = E136CC0A234B4840001B8B8A /* TabItemNavigationController.swift */; };
		E1377DF2234C818C0039B9BD /* NetworkingViewController.swift in Sources */ = {isa = PBXBuildFile; fileRef = E1377DF1234C818C0039B9BD /* NetworkingViewController.swift */; };
		E1377DF4234C81970039B9BD /* NetworkingViewInput.swift in Sources */ = {isa = PBXBuildFile; fileRef = E1377DF3234C81970039B9BD /* NetworkingViewInput.swift */; };
		E1377DF6234C81A20039B9BD /* NetworkingViewOutput.swift in Sources */ = {isa = PBXBuildFile; fileRef = E1377DF5234C81A20039B9BD /* NetworkingViewOutput.swift */; };
		E1377DF8234C81C30039B9BD /* NetworkingPresenter.swift in Sources */ = {isa = PBXBuildFile; fileRef = E1377DF7234C81C30039B9BD /* NetworkingPresenter.swift */; };
		E1377DFA234C81E20039B9BD /* NetworkingModuleInput.swift in Sources */ = {isa = PBXBuildFile; fileRef = E1377DF9234C81E20039B9BD /* NetworkingModuleInput.swift */; };
		E1377DFC234C81F30039B9BD /* NetworkingModuleOutput.swift in Sources */ = {isa = PBXBuildFile; fileRef = E1377DFB234C81F30039B9BD /* NetworkingModuleOutput.swift */; };
		E1377DFE234C82040039B9BD /* NetworkingRouterInput.swift in Sources */ = {isa = PBXBuildFile; fileRef = E1377DFD234C82040039B9BD /* NetworkingRouterInput.swift */; };
		E1377E00234C820D0039B9BD /* NetworkingRouter.swift in Sources */ = {isa = PBXBuildFile; fileRef = E1377DFF234C820D0039B9BD /* NetworkingRouter.swift */; };
		E1377E02234C821E0039B9BD /* NetworkingModuleConfigurator.swift in Sources */ = {isa = PBXBuildFile; fileRef = E1377E01234C821E0039B9BD /* NetworkingModuleConfigurator.swift */; };
		E4B09A3F1279209ACE3E4DC3 /* Pods_Demo_iOS.framework in Frameworks */ = {isa = PBXBuildFile; fileRef = 35A2BDA937C77E563ADAA398 /* Pods_Demo_iOS.framework */; };
/* End PBXBuildFile section */

/* Begin PBXFileReference section */
		35A2BDA937C77E563ADAA398 /* Pods_Demo_iOS.framework */ = {isa = PBXFileReference; explicitFileType = wrapper.framework; includeInIndex = 0; path = Pods_Demo_iOS.framework; sourceTree = BUILT_PRODUCTS_DIR; };
		BC07534431A8187B7BFA80B6 /* Pods-Demo-iOS.release.xcconfig */ = {isa = PBXFileReference; includeInIndex = 1; lastKnownFileType = text.xcconfig; name = "Pods-Demo-iOS.release.xcconfig"; path = "Target Support Files/Pods-Demo-iOS/Pods-Demo-iOS.release.xcconfig"; sourceTree = "<group>"; };
		E136CBAE234B2DAB001B8B8A /* Demo-iOS.app */ = {isa = PBXFileReference; explicitFileType = wrapper.application; includeInIndex = 0; path = "Demo-iOS.app"; sourceTree = BUILT_PRODUCTS_DIR; };
		E136CBB1234B2DAB001B8B8A /* AppDelegate.swift */ = {isa = PBXFileReference; lastKnownFileType = sourcecode.swift; path = AppDelegate.swift; sourceTree = "<group>"; };
		E136CBBA234B2DAD001B8B8A /* Assets.xcassets */ = {isa = PBXFileReference; lastKnownFileType = folder.assetcatalog; path = Assets.xcassets; sourceTree = "<group>"; };
		E136CBBD234B2DAD001B8B8A /* Base */ = {isa = PBXFileReference; lastKnownFileType = file.storyboard; name = Base; path = Base.lproj/LaunchScreen.storyboard; sourceTree = "<group>"; };
		E136CBBF234B2DAD001B8B8A /* Info.plist */ = {isa = PBXFileReference; lastKnownFileType = text.plist.xml; path = Info.plist; sourceTree = "<group>"; };
		E136CBCF234B35A9001B8B8A /* ModuleTransitionable.swift */ = {isa = PBXFileReference; lastKnownFileType = sourcecode.swift; path = ModuleTransitionable.swift; sourceTree = "<group>"; };
		E136CBDA234B362F001B8B8A /* ru */ = {isa = PBXFileReference; lastKnownFileType = text.plist.strings; name = ru; path = ru.lproj/LaunchScreen.strings; sourceTree = "<group>"; };
		E136CBDC234B363F001B8B8A /* en */ = {isa = PBXFileReference; lastKnownFileType = text.plist.strings; name = en; path = en.lproj/Localizable.strings; sourceTree = "<group>"; };
		E136CBDE234B3642001B8B8A /* ru */ = {isa = PBXFileReference; lastKnownFileType = text.plist.strings; name = ru; path = ru.lproj/Localizable.strings; sourceTree = "<group>"; };
		E136CBE8234B3899001B8B8A /* LaunchModuleConfigurator.swift */ = {isa = PBXFileReference; lastKnownFileType = sourcecode.swift; path = LaunchModuleConfigurator.swift; sourceTree = "<group>"; };
		E136CBEA234B38CC001B8B8A /* LaunchRouterInput.swift */ = {isa = PBXFileReference; lastKnownFileType = sourcecode.swift; path = LaunchRouterInput.swift; sourceTree = "<group>"; };
		E136CBEC234B38D5001B8B8A /* LaunchRouter.swift */ = {isa = PBXFileReference; lastKnownFileType = sourcecode.swift; path = LaunchRouter.swift; sourceTree = "<group>"; };
		E136CBEE234B3937001B8B8A /* LaunchPresenter.swift */ = {isa = PBXFileReference; lastKnownFileType = sourcecode.swift; path = LaunchPresenter.swift; sourceTree = "<group>"; };
		E136CBF0234B394C001B8B8A /* LaunchViewController.swift */ = {isa = PBXFileReference; lastKnownFileType = sourcecode.swift; path = LaunchViewController.swift; sourceTree = "<group>"; };
		E136CBF2234B3995001B8B8A /* LaunchViewOutput.swift */ = {isa = PBXFileReference; lastKnownFileType = sourcecode.swift; path = LaunchViewOutput.swift; sourceTree = "<group>"; };
		E136CBF4234B39DB001B8B8A /* LaunchViewController.storyboard */ = {isa = PBXFileReference; lastKnownFileType = file.storyboard; path = LaunchViewController.storyboard; sourceTree = "<group>"; };
		E136CBF7234B4153001B8B8A /* R.generated.swift */ = {isa = PBXFileReference; fileEncoding = 4; lastKnownFileType = sourcecode.swift; path = R.generated.swift; sourceTree = "<group>"; };
		E136CBFC234B43D3001B8B8A /* RootModuleConfigurator.swift */ = {isa = PBXFileReference; lastKnownFileType = sourcecode.swift; path = RootModuleConfigurator.swift; sourceTree = "<group>"; };
		E136CBFE234B43E8001B8B8A /* TabBarEnum.swift */ = {isa = PBXFileReference; lastKnownFileType = sourcecode.swift; path = TabBarEnum.swift; sourceTree = "<group>"; };
		E136CC00234B45D5001B8B8A /* TabBarViewModel.swift */ = {isa = PBXFileReference; lastKnownFileType = sourcecode.swift; path = TabBarViewModel.swift; sourceTree = "<group>"; };
		E136CC03234B4650001B8B8A /* RootViewController.swift */ = {isa = PBXFileReference; lastKnownFileType = sourcecode.swift; path = RootViewController.swift; sourceTree = "<group>"; };
		E136CC0A234B4840001B8B8A /* TabItemNavigationController.swift */ = {isa = PBXFileReference; lastKnownFileType = sourcecode.swift; path = TabItemNavigationController.swift; sourceTree = "<group>"; };
		E1377DF1234C818C0039B9BD /* NetworkingViewController.swift */ = {isa = PBXFileReference; lastKnownFileType = sourcecode.swift; path = NetworkingViewController.swift; sourceTree = "<group>"; };
		E1377DF3234C81970039B9BD /* NetworkingViewInput.swift */ = {isa = PBXFileReference; lastKnownFileType = sourcecode.swift; path = NetworkingViewInput.swift; sourceTree = "<group>"; };
		E1377DF5234C81A20039B9BD /* NetworkingViewOutput.swift */ = {isa = PBXFileReference; lastKnownFileType = sourcecode.swift; path = NetworkingViewOutput.swift; sourceTree = "<group>"; };
		E1377DF7234C81C30039B9BD /* NetworkingPresenter.swift */ = {isa = PBXFileReference; lastKnownFileType = sourcecode.swift; path = NetworkingPresenter.swift; sourceTree = "<group>"; };
		E1377DF9234C81E20039B9BD /* NetworkingModuleInput.swift */ = {isa = PBXFileReference; lastKnownFileType = sourcecode.swift; path = NetworkingModuleInput.swift; sourceTree = "<group>"; };
		E1377DFB234C81F30039B9BD /* NetworkingModuleOutput.swift */ = {isa = PBXFileReference; lastKnownFileType = sourcecode.swift; path = NetworkingModuleOutput.swift; sourceTree = "<group>"; };
		E1377DFD234C82040039B9BD /* NetworkingRouterInput.swift */ = {isa = PBXFileReference; lastKnownFileType = sourcecode.swift; path = NetworkingRouterInput.swift; sourceTree = "<group>"; };
		E1377DFF234C820D0039B9BD /* NetworkingRouter.swift */ = {isa = PBXFileReference; lastKnownFileType = sourcecode.swift; path = NetworkingRouter.swift; sourceTree = "<group>"; };
		E1377E01234C821E0039B9BD /* NetworkingModuleConfigurator.swift */ = {isa = PBXFileReference; lastKnownFileType = sourcecode.swift; path = NetworkingModuleConfigurator.swift; sourceTree = "<group>"; };
		EA3C5557F522A82AF1D996FC /* Pods-Demo-iOS.debug.xcconfig */ = {isa = PBXFileReference; includeInIndex = 1; lastKnownFileType = text.xcconfig; name = "Pods-Demo-iOS.debug.xcconfig"; path = "Target Support Files/Pods-Demo-iOS/Pods-Demo-iOS.debug.xcconfig"; sourceTree = "<group>"; };
/* End PBXFileReference section */

/* Begin PBXFrameworksBuildPhase section */
		E136CBAB234B2DAB001B8B8A /* Frameworks */ = {
			isa = PBXFrameworksBuildPhase;
			buildActionMask = 2147483647;
			files = (
				E4B09A3F1279209ACE3E4DC3 /* Pods_Demo_iOS.framework in Frameworks */,
			);
			runOnlyForDeploymentPostprocessing = 0;
		};
/* End PBXFrameworksBuildPhase section */

/* Begin PBXGroup section */
		6FFD942A502A7438AA16FCEA /* Pods */ = {
			isa = PBXGroup;
			children = (
				EA3C5557F522A82AF1D996FC /* Pods-Demo-iOS.debug.xcconfig */,
				BC07534431A8187B7BFA80B6 /* Pods-Demo-iOS.release.xcconfig */,
			);
			path = Pods;
			sourceTree = "<group>";
		};
		C3C464E1F06FB5CDDC2BBECC /* Frameworks */ = {
			isa = PBXGroup;
			children = (
				35A2BDA937C77E563ADAA398 /* Pods_Demo_iOS.framework */,
			);
			name = Frameworks;
			sourceTree = "<group>";
		};
		E136CBA5234B2DAB001B8B8A = {
			isa = PBXGroup;
			children = (
				E136CBB0234B2DAB001B8B8A /* Demo-iOS */,
				E136CBAF234B2DAB001B8B8A /* Products */,
				6FFD942A502A7438AA16FCEA /* Pods */,
				C3C464E1F06FB5CDDC2BBECC /* Frameworks */,
			);
			sourceTree = "<group>";
		};
		E136CBAF234B2DAB001B8B8A /* Products */ = {
			isa = PBXGroup;
			children = (
				E136CBAE234B2DAB001B8B8A /* Demo-iOS.app */,
			);
			name = Products;
			sourceTree = "<group>";
		};
		E136CBB0234B2DAB001B8B8A /* Demo-iOS */ = {
			isa = PBXGroup;
			children = (
				E136CBCE234B358F001B8B8A /* Application */,
				E136CBCD234B3587001B8B8A /* Library */,
				E136CBCC234B3580001B8B8A /* Models */,
				E136CBCB234B3578001B8B8A /* Resources */,
				E136CBCA234B3570001B8B8A /* User Stories */,
				E136CBC9234B3568001B8B8A /* Module Transitions */,
				E136CBC8234B3560001B8B8A /* Services */,
				E136CBC7234B3543001B8B8A /* Third Party */,
			);
			path = "Demo-iOS";
			sourceTree = "<group>";
		};
		E136CBC7234B3543001B8B8A /* Third Party */ = {
			isa = PBXGroup;
			children = (
			);
			path = "Third Party";
			sourceTree = "<group>";
		};
		E136CBC8234B3560001B8B8A /* Services */ = {
			isa = PBXGroup;
			children = (
			);
			path = Services;
			sourceTree = "<group>";
		};
		E136CBC9234B3568001B8B8A /* Module Transitions */ = {
			isa = PBXGroup;
			children = (
				E136CBCF234B35A9001B8B8A /* ModuleTransitionable.swift */,
			);
			path = "Module Transitions";
			sourceTree = "<group>";
		};
		E136CBCA234B3570001B8B8A /* User Stories */ = {
			isa = PBXGroup;
			children = (
				E136CBD2234B35C3001B8B8A /* Launch */,
				E136CBD1234B35B8001B8B8A /* Root */,
				E1377DEC234C81530039B9BD /* Networking */,
			);
			path = "User Stories";
			sourceTree = "<group>";
		};
		E136CBCB234B3578001B8B8A /* Resources */ = {
			isa = PBXGroup;
			children = (
				E136CBF7234B4153001B8B8A /* R.generated.swift */,
				E136CBD6234B35F7001B8B8A /* Constants */,
				E136CBD5234B35F1001B8B8A /* Fonts */,
				E136CBD4234B35EB001B8B8A /* Images+Colors */,
				E136CBD3234B35D8001B8B8A /* Strings */,
			);
			path = Resources;
			sourceTree = "<group>";
		};
		E136CBCC234B3580001B8B8A /* Models */ = {
			isa = PBXGroup;
			children = (
				E136CBDF234B367A001B8B8A /* Entity */,
				E136CBE0234B3697001B8B8A /* Responses */,
			);
			path = Models;
			sourceTree = "<group>";
		};
		E136CBCD234B3587001B8B8A /* Library */ = {
			isa = PBXGroup;
			children = (
				E136CBE1234B36EC001B8B8A /* Extensions */,
				E136CBE2234B36FA001B8B8A /* Protocols */,
				E136CBE3234B3700001B8B8A /* Reusable Layer */,
			);
			path = Library;
			sourceTree = "<group>";
		};
		E136CBCE234B358F001B8B8A /* Application */ = {
			isa = PBXGroup;
			children = (
				E136CBBC234B2DAD001B8B8A /* LaunchScreen.storyboard */,
				E136CBB1234B2DAB001B8B8A /* AppDelegate.swift */,
				E136CBBF234B2DAD001B8B8A /* Info.plist */,
			);
			path = Application;
			sourceTree = "<group>";
		};
		E136CBD1234B35B8001B8B8A /* Root */ = {
			isa = PBXGroup;
			children = (
				E136CBFB234B4390001B8B8A /* Configurator */,
				E136CC02234B4637001B8B8A /* View */,
				E136CBFA234B437F001B8B8A /* Tabs */,
				E136CC07234B4770001B8B8A /* Navigation */,
			);
			path = Root;
			sourceTree = "<group>";
		};
		E136CBD2234B35C3001B8B8A /* Launch */ = {
			isa = PBXGroup;
			children = (
				E136CBE7234B3859001B8B8A /* Configurator */,
				E136CBE6234B3853001B8B8A /* Router */,
				E136CBE5234B384D001B8B8A /* Presenter */,
				E136CBE4234B3847001B8B8A /* View */,
			);
			path = Launch;
			sourceTree = "<group>";
		};
		E136CBD3234B35D8001B8B8A /* Strings */ = {
			isa = PBXGroup;
			children = (
				E136CBDD234B363F001B8B8A /* Localizable.strings */,
			);
			path = Strings;
			sourceTree = "<group>";
		};
		E136CBD4234B35EB001B8B8A /* Images+Colors */ = {
			isa = PBXGroup;
			children = (
				E136CBBA234B2DAD001B8B8A /* Assets.xcassets */,
			);
			path = "Images+Colors";
			sourceTree = "<group>";
		};
		E136CBD5234B35F1001B8B8A /* Fonts */ = {
			isa = PBXGroup;
			children = (
			);
			path = Fonts;
			sourceTree = "<group>";
		};
		E136CBD6234B35F7001B8B8A /* Constants */ = {
			isa = PBXGroup;
			children = (
			);
			path = Constants;
			sourceTree = "<group>";
		};
		E136CBDF234B367A001B8B8A /* Entity */ = {
			isa = PBXGroup;
			children = (
			);
			path = Entity;
			sourceTree = "<group>";
		};
		E136CBE0234B3697001B8B8A /* Responses */ = {
			isa = PBXGroup;
			children = (
			);
			path = Responses;
			sourceTree = "<group>";
		};
		E136CBE1234B36EC001B8B8A /* Extensions */ = {
			isa = PBXGroup;
			children = (
			);
			path = Extensions;
			sourceTree = "<group>";
		};
		E136CBE2234B36FA001B8B8A /* Protocols */ = {
			isa = PBXGroup;
			children = (
			);
			path = Protocols;
			sourceTree = "<group>";
		};
		E136CBE3234B3700001B8B8A /* Reusable Layer */ = {
			isa = PBXGroup;
			children = (
			);
			path = "Reusable Layer";
			sourceTree = "<group>";
		};
		E136CBE4234B3847001B8B8A /* View */ = {
			isa = PBXGroup;
			children = (
				E136CBF0234B394C001B8B8A /* LaunchViewController.swift */,
				E136CBF4234B39DB001B8B8A /* LaunchViewController.storyboard */,
				E136CBF2234B3995001B8B8A /* LaunchViewOutput.swift */,
			);
			path = View;
			sourceTree = "<group>";
		};
		E136CBE5234B384D001B8B8A /* Presenter */ = {
			isa = PBXGroup;
			children = (
				E136CBEE234B3937001B8B8A /* LaunchPresenter.swift */,
			);
			path = Presenter;
			sourceTree = "<group>";
		};
		E136CBE6234B3853001B8B8A /* Router */ = {
			isa = PBXGroup;
			children = (
				E136CBEC234B38D5001B8B8A /* LaunchRouter.swift */,
				E136CBEA234B38CC001B8B8A /* LaunchRouterInput.swift */,
			);
			path = Router;
			sourceTree = "<group>";
		};
		E136CBE7234B3859001B8B8A /* Configurator */ = {
			isa = PBXGroup;
			children = (
				E136CBE8234B3899001B8B8A /* LaunchModuleConfigurator.swift */,
			);
			path = Configurator;
			sourceTree = "<group>";
		};
		E136CBFA234B437F001B8B8A /* Tabs */ = {
			isa = PBXGroup;
			children = (
				E136CBFE234B43E8001B8B8A /* TabBarEnum.swift */,
				E136CC00234B45D5001B8B8A /* TabBarViewModel.swift */,
			);
			path = Tabs;
			sourceTree = "<group>";
		};
		E136CBFB234B4390001B8B8A /* Configurator */ = {
			isa = PBXGroup;
			children = (
				E136CBFC234B43D3001B8B8A /* RootModuleConfigurator.swift */,
			);
			path = Configurator;
			sourceTree = "<group>";
		};
		E136CC02234B4637001B8B8A /* View */ = {
			isa = PBXGroup;
			children = (
				E136CC03234B4650001B8B8A /* RootViewController.swift */,
			);
			path = View;
			sourceTree = "<group>";
		};
		E136CC07234B4770001B8B8A /* Navigation */ = {
			isa = PBXGroup;
			children = (
				E136CC0A234B4840001B8B8A /* TabItemNavigationController.swift */,
			);
			path = Navigation;
			sourceTree = "<group>";
		};
		E1377DEC234C81530039B9BD /* Networking */ = {
			isa = PBXGroup;
			children = (
				E1377DF0234C81740039B9BD /* Configurator */,
				E1377DEF234C816D0039B9BD /* Router */,
				E1377DEE234C81670039B9BD /* Presenter */,
				E1377DED234C815F0039B9BD /* View */,
			);
			path = Networking;
			sourceTree = "<group>";
		};
		E1377DED234C815F0039B9BD /* View */ = {
			isa = PBXGroup;
			children = (
				E1377DF1234C818C0039B9BD /* NetworkingViewController.swift */,
				E1377DF3234C81970039B9BD /* NetworkingViewInput.swift */,
				E1377DF5234C81A20039B9BD /* NetworkingViewOutput.swift */,
			);
			path = View;
			sourceTree = "<group>";
		};
		E1377DEE234C81670039B9BD /* Presenter */ = {
			isa = PBXGroup;
			children = (
				E1377DF7234C81C30039B9BD /* NetworkingPresenter.swift */,
				E1377DF9234C81E20039B9BD /* NetworkingModuleInput.swift */,
				E1377DFB234C81F30039B9BD /* NetworkingModuleOutput.swift */,
			);
			path = Presenter;
			sourceTree = "<group>";
		};
		E1377DEF234C816D0039B9BD /* Router */ = {
			isa = PBXGroup;
			children = (
				E1377DFF234C820D0039B9BD /* NetworkingRouter.swift */,
				E1377DFD234C82040039B9BD /* NetworkingRouterInput.swift */,
			);
			path = Router;
			sourceTree = "<group>";
		};
		E1377DF0234C81740039B9BD /* Configurator */ = {
			isa = PBXGroup;
			children = (
				E1377E01234C821E0039B9BD /* NetworkingModuleConfigurator.swift */,
			);
			path = Configurator;
			sourceTree = "<group>";
		};
/* End PBXGroup section */

/* Begin PBXNativeTarget section */
		E136CBAD234B2DAB001B8B8A /* Demo-iOS */ = {
			isa = PBXNativeTarget;
			buildConfigurationList = E136CBC2234B2DAD001B8B8A /* Build configuration list for PBXNativeTarget "Demo-iOS" */;
			buildPhases = (
				C05A0CD8E1FCBFA9EB0D03DB /* [CP] Check Pods Manifest.lock */,
				E136CBC6234B32F1001B8B8A /* Run SwiftFormat */,
				E136CBC5234B32C1001B8B8A /* Run SwiftLint */,
				E136CBF6234B4011001B8B8A /* Run R.swift */,
				E136CBAA234B2DAB001B8B8A /* Sources */,
				E136CBAB234B2DAB001B8B8A /* Frameworks */,
				E136CBAC234B2DAB001B8B8A /* Resources */,
				C83BCB7CE5B20FABF1800FCA /* [CP] Embed Pods Frameworks */,
			);
			buildRules = (
			);
			dependencies = (
			);
			name = "Demo-iOS";
			productName = "Demo-iOS";
			productReference = E136CBAE234B2DAB001B8B8A /* Demo-iOS.app */;
			productType = "com.apple.product-type.application";
		};
/* End PBXNativeTarget section */

/* Begin PBXProject section */
		E136CBA6234B2DAB001B8B8A /* Project object */ = {
			isa = PBXProject;
			attributes = {
				LastSwiftUpdateCheck = 1100;
				LastUpgradeCheck = 1100;
				ORGANIZATIONNAME = ltblueberry;
				TargetAttributes = {
					E136CBAD234B2DAB001B8B8A = {
						CreatedOnToolsVersion = 11.0;
					};
				};
			};
			buildConfigurationList = E136CBA9234B2DAB001B8B8A /* Build configuration list for PBXProject "Demo-iOS" */;
			compatibilityVersion = "Xcode 9.3";
			developmentRegion = en;
			hasScannedForEncodings = 0;
			knownRegions = (
				en,
				Base,
				ru,
			);
			mainGroup = E136CBA5234B2DAB001B8B8A;
			productRefGroup = E136CBAF234B2DAB001B8B8A /* Products */;
			projectDirPath = "";
			projectRoot = "";
			targets = (
				E136CBAD234B2DAB001B8B8A /* Demo-iOS */,
			);
		};
/* End PBXProject section */

/* Begin PBXResourcesBuildPhase section */
		E136CBAC234B2DAB001B8B8A /* Resources */ = {
			isa = PBXResourcesBuildPhase;
			buildActionMask = 2147483647;
			files = (
				E136CBF5234B39DB001B8B8A /* LaunchViewController.storyboard in Resources */,
				E136CBBE234B2DAD001B8B8A /* LaunchScreen.storyboard in Resources */,
				E136CBDB234B363F001B8B8A /* Localizable.strings in Resources */,
				E136CBBB234B2DAD001B8B8A /* Assets.xcassets in Resources */,
			);
			runOnlyForDeploymentPostprocessing = 0;
		};
/* End PBXResourcesBuildPhase section */

/* Begin PBXShellScriptBuildPhase section */
		C05A0CD8E1FCBFA9EB0D03DB /* [CP] Check Pods Manifest.lock */ = {
			isa = PBXShellScriptBuildPhase;
			buildActionMask = 2147483647;
			files = (
			);
			inputFileListPaths = (
			);
			inputPaths = (
				"${PODS_PODFILE_DIR_PATH}/Podfile.lock",
				"${PODS_ROOT}/Manifest.lock",
			);
			name = "[CP] Check Pods Manifest.lock";
			outputFileListPaths = (
			);
			outputPaths = (
				"$(DERIVED_FILE_DIR)/Pods-Demo-iOS-checkManifestLockResult.txt",
			);
			runOnlyForDeploymentPostprocessing = 0;
			shellPath = /bin/sh;
			shellScript = "diff \"${PODS_PODFILE_DIR_PATH}/Podfile.lock\" \"${PODS_ROOT}/Manifest.lock\" > /dev/null\nif [ $? != 0 ] ; then\n    # print error to STDERR\n    echo \"error: The sandbox is not in sync with the Podfile.lock. Run 'pod install' or update your CocoaPods installation.\" >&2\n    exit 1\nfi\n# This output is used by Xcode 'outputs' to avoid re-running this script phase.\necho \"SUCCESS\" > \"${SCRIPT_OUTPUT_FILE_0}\"\n";
			showEnvVarsInLog = 0;
		};
		C83BCB7CE5B20FABF1800FCA /* [CP] Embed Pods Frameworks */ = {
			isa = PBXShellScriptBuildPhase;
			buildActionMask = 2147483647;
			files = (
			);
			inputFileListPaths = (
				"${PODS_ROOT}/Target Support Files/Pods-Demo-iOS/Pods-Demo-iOS-frameworks-${CONFIGURATION}-input-files.xcfilelist",
			);
			name = "[CP] Embed Pods Frameworks";
			outputFileListPaths = (
				"${PODS_ROOT}/Target Support Files/Pods-Demo-iOS/Pods-Demo-iOS-frameworks-${CONFIGURATION}-output-files.xcfilelist",
			);
			runOnlyForDeploymentPostprocessing = 0;
			shellPath = /bin/sh;
			shellScript = "\"${PODS_ROOT}/Target Support Files/Pods-Demo-iOS/Pods-Demo-iOS-frameworks.sh\"\n";
			showEnvVarsInLog = 0;
		};
		E136CBC5234B32C1001B8B8A /* Run SwiftLint */ = {
			isa = PBXShellScriptBuildPhase;
			buildActionMask = 2147483647;
			files = (
			);
			inputFileListPaths = (
			);
			inputPaths = (
			);
			name = "Run SwiftLint";
			outputFileListPaths = (
			);
			outputPaths = (
			);
			runOnlyForDeploymentPostprocessing = 0;
			shellPath = /bin/sh;
			shellScript = "${PODS_ROOT}/SwiftLint/swiftlint\n";
		};
		E136CBC6234B32F1001B8B8A /* Run SwiftFormat */ = {
			isa = PBXShellScriptBuildPhase;
			buildActionMask = 2147483647;
			files = (
			);
			inputFileListPaths = (
			);
			inputPaths = (
			);
			name = "Run SwiftFormat";
			outputFileListPaths = (
			);
			outputPaths = (
			);
			runOnlyForDeploymentPostprocessing = 0;
			shellPath = /bin/sh;
			shellScript = "\"${PODS_ROOT}/SwiftFormat/CommandLineTool/swiftformat\"\n";
		};
		E136CBF6234B4011001B8B8A /* Run R.swift */ = {
			isa = PBXShellScriptBuildPhase;
			buildActionMask = 2147483647;
			files = (
			);
			inputFileListPaths = (
			);
			inputPaths = (
				"$TEMP_DIR/rswift-lastrun",
			);
			name = "Run R.swift";
			outputFileListPaths = (
			);
			outputPaths = (
				"$SRCROOT/Demo-iOS/Resources/R.generated.swift",
			);
			runOnlyForDeploymentPostprocessing = 0;
			shellPath = /bin/sh;
			shellScript = "\"$PODS_ROOT/R.swift/rswift\" generate \"$SRCROOT/Demo-iOS/Resources/R.generated.swift\"\n";
		};
/* End PBXShellScriptBuildPhase section */

/* Begin PBXSourcesBuildPhase section */
		E136CBAA234B2DAB001B8B8A /* Sources */ = {
			isa = PBXSourcesBuildPhase;
			buildActionMask = 2147483647;
			files = (
				E136CBF3234B3995001B8B8A /* LaunchViewOutput.swift in Sources */,
				E136CBE9234B3899001B8B8A /* LaunchModuleConfigurator.swift in Sources */,
				E1377DF8234C81C30039B9BD /* NetworkingPresenter.swift in Sources */,
				E1377DFA234C81E20039B9BD /* NetworkingModuleInput.swift in Sources */,
				E136CBFD234B43D3001B8B8A /* RootModuleConfigurator.swift in Sources */,
				E136CC0B234B4840001B8B8A /* TabItemNavigationController.swift in Sources */,
				E136CBF8234B4153001B8B8A /* R.generated.swift in Sources */,
				E1377DF2234C818C0039B9BD /* NetworkingViewController.swift in Sources */,
				E1377DFE234C82040039B9BD /* NetworkingRouterInput.swift in Sources */,
				E136CC04234B4650001B8B8A /* RootViewController.swift in Sources */,
				E1377E00234C820D0039B9BD /* NetworkingRouter.swift in Sources */,
				E1377DF4234C81970039B9BD /* NetworkingViewInput.swift in Sources */,
				E1377DFC234C81F30039B9BD /* NetworkingModuleOutput.swift in Sources */,
				E1377E02234C821E0039B9BD /* NetworkingModuleConfigurator.swift in Sources */,
				E136CC01234B45D5001B8B8A /* TabBarViewModel.swift in Sources */,
				E136CBB2234B2DAB001B8B8A /* AppDelegate.swift in Sources */,
				E136CBED234B38D5001B8B8A /* LaunchRouter.swift in Sources */,
				E136CBFF234B43E8001B8B8A /* TabBarEnum.swift in Sources */,
				E136CBEF234B3937001B8B8A /* LaunchPresenter.swift in Sources */,
				E136CBEB234B38CC001B8B8A /* LaunchRouterInput.swift in Sources */,
				E136CBF1234B394C001B8B8A /* LaunchViewController.swift in Sources */,
				E136CBD0234B35A9001B8B8A /* ModuleTransitionable.swift in Sources */,
				E1377DF6234C81A20039B9BD /* NetworkingViewOutput.swift in Sources */,
			);
			runOnlyForDeploymentPostprocessing = 0;
		};
/* End PBXSourcesBuildPhase section */

/* Begin PBXVariantGroup section */
		E136CBBC234B2DAD001B8B8A /* LaunchScreen.storyboard */ = {
			isa = PBXVariantGroup;
			children = (
				E136CBBD234B2DAD001B8B8A /* Base */,
				E136CBDA234B362F001B8B8A /* ru */,
			);
			name = LaunchScreen.storyboard;
			sourceTree = "<group>";
		};
		E136CBDD234B363F001B8B8A /* Localizable.strings */ = {
			isa = PBXVariantGroup;
			children = (
				E136CBDC234B363F001B8B8A /* en */,
				E136CBDE234B3642001B8B8A /* ru */,
			);
			name = Localizable.strings;
			sourceTree = "<group>";
		};
/* End PBXVariantGroup section */

/* Begin XCBuildConfiguration section */
		E136CBC0234B2DAD001B8B8A /* Debug */ = {
			isa = XCBuildConfiguration;
			buildSettings = {
				ALWAYS_SEARCH_USER_PATHS = NO;
				CLANG_ANALYZER_LOCALIZABILITY_NONLOCALIZED = YES;
				CLANG_ANALYZER_NONNULL = YES;
				CLANG_ANALYZER_NUMBER_OBJECT_CONVERSION = YES_AGGRESSIVE;
				CLANG_CXX_LANGUAGE_STANDARD = "gnu++14";
				CLANG_CXX_LIBRARY = "libc++";
				CLANG_ENABLE_MODULES = YES;
				CLANG_ENABLE_OBJC_ARC = YES;
				CLANG_ENABLE_OBJC_WEAK = YES;
				CLANG_WARN_BLOCK_CAPTURE_AUTORELEASING = YES;
				CLANG_WARN_BOOL_CONVERSION = YES;
				CLANG_WARN_COMMA = YES;
				CLANG_WARN_CONSTANT_CONVERSION = YES;
				CLANG_WARN_DEPRECATED_OBJC_IMPLEMENTATIONS = YES;
				CLANG_WARN_DIRECT_OBJC_ISA_USAGE = YES_ERROR;
				CLANG_WARN_DOCUMENTATION_COMMENTS = YES;
				CLANG_WARN_EMPTY_BODY = YES;
				CLANG_WARN_ENUM_CONVERSION = YES;
				CLANG_WARN_INFINITE_RECURSION = YES;
				CLANG_WARN_INT_CONVERSION = YES;
				CLANG_WARN_NON_LITERAL_NULL_CONVERSION = YES;
				CLANG_WARN_OBJC_IMPLICIT_RETAIN_SELF = YES;
				CLANG_WARN_OBJC_LITERAL_CONVERSION = YES;
				CLANG_WARN_OBJC_ROOT_CLASS = YES_ERROR;
				CLANG_WARN_RANGE_LOOP_ANALYSIS = YES;
				CLANG_WARN_STRICT_PROTOTYPES = YES;
				CLANG_WARN_SUSPICIOUS_MOVE = YES;
				CLANG_WARN_UNGUARDED_AVAILABILITY = YES_AGGRESSIVE;
				CLANG_WARN_UNREACHABLE_CODE = YES;
				CLANG_WARN__DUPLICATE_METHOD_MATCH = YES;
				COPY_PHASE_STRIP = NO;
				DEBUG_INFORMATION_FORMAT = dwarf;
				ENABLE_STRICT_OBJC_MSGSEND = YES;
				ENABLE_TESTABILITY = YES;
				GCC_C_LANGUAGE_STANDARD = gnu11;
				GCC_DYNAMIC_NO_PIC = NO;
				GCC_NO_COMMON_BLOCKS = YES;
				GCC_OPTIMIZATION_LEVEL = 0;
				GCC_PREPROCESSOR_DEFINITIONS = (
					"DEBUG=1",
					"$(inherited)",
				);
				GCC_WARN_64_TO_32_BIT_CONVERSION = YES;
				GCC_WARN_ABOUT_RETURN_TYPE = YES_ERROR;
				GCC_WARN_UNDECLARED_SELECTOR = YES;
				GCC_WARN_UNINITIALIZED_AUTOS = YES_AGGRESSIVE;
				GCC_WARN_UNUSED_FUNCTION = YES;
				GCC_WARN_UNUSED_VARIABLE = YES;
				IPHONEOS_DEPLOYMENT_TARGET = 13.0;
				MTL_ENABLE_DEBUG_INFO = INCLUDE_SOURCE;
				MTL_FAST_MATH = YES;
				ONLY_ACTIVE_ARCH = YES;
				SDKROOT = iphoneos;
				SWIFT_ACTIVE_COMPILATION_CONDITIONS = DEBUG;
				SWIFT_OPTIMIZATION_LEVEL = "-Onone";
			};
			name = Debug;
		};
		E136CBC1234B2DAD001B8B8A /* Release */ = {
			isa = XCBuildConfiguration;
			buildSettings = {
				ALWAYS_SEARCH_USER_PATHS = NO;
				CLANG_ANALYZER_LOCALIZABILITY_NONLOCALIZED = YES;
				CLANG_ANALYZER_NONNULL = YES;
				CLANG_ANALYZER_NUMBER_OBJECT_CONVERSION = YES_AGGRESSIVE;
				CLANG_CXX_LANGUAGE_STANDARD = "gnu++14";
				CLANG_CXX_LIBRARY = "libc++";
				CLANG_ENABLE_MODULES = YES;
				CLANG_ENABLE_OBJC_ARC = YES;
				CLANG_ENABLE_OBJC_WEAK = YES;
				CLANG_WARN_BLOCK_CAPTURE_AUTORELEASING = YES;
				CLANG_WARN_BOOL_CONVERSION = YES;
				CLANG_WARN_COMMA = YES;
				CLANG_WARN_CONSTANT_CONVERSION = YES;
				CLANG_WARN_DEPRECATED_OBJC_IMPLEMENTATIONS = YES;
				CLANG_WARN_DIRECT_OBJC_ISA_USAGE = YES_ERROR;
				CLANG_WARN_DOCUMENTATION_COMMENTS = YES;
				CLANG_WARN_EMPTY_BODY = YES;
				CLANG_WARN_ENUM_CONVERSION = YES;
				CLANG_WARN_INFINITE_RECURSION = YES;
				CLANG_WARN_INT_CONVERSION = YES;
				CLANG_WARN_NON_LITERAL_NULL_CONVERSION = YES;
				CLANG_WARN_OBJC_IMPLICIT_RETAIN_SELF = YES;
				CLANG_WARN_OBJC_LITERAL_CONVERSION = YES;
				CLANG_WARN_OBJC_ROOT_CLASS = YES_ERROR;
				CLANG_WARN_RANGE_LOOP_ANALYSIS = YES;
				CLANG_WARN_STRICT_PROTOTYPES = YES;
				CLANG_WARN_SUSPICIOUS_MOVE = YES;
				CLANG_WARN_UNGUARDED_AVAILABILITY = YES_AGGRESSIVE;
				CLANG_WARN_UNREACHABLE_CODE = YES;
				CLANG_WARN__DUPLICATE_METHOD_MATCH = YES;
				COPY_PHASE_STRIP = NO;
				DEBUG_INFORMATION_FORMAT = "dwarf-with-dsym";
				ENABLE_NS_ASSERTIONS = NO;
				ENABLE_STRICT_OBJC_MSGSEND = YES;
				GCC_C_LANGUAGE_STANDARD = gnu11;
				GCC_NO_COMMON_BLOCKS = YES;
				GCC_WARN_64_TO_32_BIT_CONVERSION = YES;
				GCC_WARN_ABOUT_RETURN_TYPE = YES_ERROR;
				GCC_WARN_UNDECLARED_SELECTOR = YES;
				GCC_WARN_UNINITIALIZED_AUTOS = YES_AGGRESSIVE;
				GCC_WARN_UNUSED_FUNCTION = YES;
				GCC_WARN_UNUSED_VARIABLE = YES;
				IPHONEOS_DEPLOYMENT_TARGET = 13.0;
				MTL_ENABLE_DEBUG_INFO = NO;
				MTL_FAST_MATH = YES;
				SDKROOT = iphoneos;
				SWIFT_COMPILATION_MODE = wholemodule;
				SWIFT_OPTIMIZATION_LEVEL = "-O";
				VALIDATE_PRODUCT = YES;
			};
			name = Release;
		};
		E136CBC3234B2DAD001B8B8A /* Debug */ = {
			isa = XCBuildConfiguration;
			baseConfigurationReference = EA3C5557F522A82AF1D996FC /* Pods-Demo-iOS.debug.xcconfig */;
			buildSettings = {
				ASSETCATALOG_COMPILER_APPICON_NAME = AppIcon;
				CODE_SIGN_STYLE = Automatic;
				INFOPLIST_FILE = "Demo-iOS/Application/Info.plist";
				LD_RUNPATH_SEARCH_PATHS = (
					"$(inherited)",
					"@executable_path/Frameworks",
				);
				PRODUCT_BUNDLE_IDENTIFIER = ltblueberry.demo;
				PRODUCT_NAME = "$(TARGET_NAME)";
				SWIFT_VERSION = 5.0;
				TARGETED_DEVICE_FAMILY = 1;
			};
			name = Debug;
		};
		E136CBC4234B2DAD001B8B8A /* Release */ = {
			isa = XCBuildConfiguration;
			baseConfigurationReference = BC07534431A8187B7BFA80B6 /* Pods-Demo-iOS.release.xcconfig */;
			buildSettings = {
				ASSETCATALOG_COMPILER_APPICON_NAME = AppIcon;
				CODE_SIGN_STYLE = Automatic;
				INFOPLIST_FILE = "Demo-iOS/Application/Info.plist";
				LD_RUNPATH_SEARCH_PATHS = (
					"$(inherited)",
					"@executable_path/Frameworks",
				);
				PRODUCT_BUNDLE_IDENTIFIER = ltblueberry.demo;
				PRODUCT_NAME = "$(TARGET_NAME)";
				SWIFT_VERSION = 5.0;
				TARGETED_DEVICE_FAMILY = 1;
			};
			name = Release;
		};
/* End XCBuildConfiguration section */

/* Begin XCConfigurationList section */
		E136CBA9234B2DAB001B8B8A /* Build configuration list for PBXProject "Demo-iOS" */ = {
			isa = XCConfigurationList;
			buildConfigurations = (
				E136CBC0234B2DAD001B8B8A /* Debug */,
				E136CBC1234B2DAD001B8B8A /* Release */,
			);
			defaultConfigurationIsVisible = 0;
			defaultConfigurationName = Release;
		};
		E136CBC2234B2DAD001B8B8A /* Build configuration list for PBXNativeTarget "Demo-iOS" */ = {
			isa = XCConfigurationList;
			buildConfigurations = (
				E136CBC3234B2DAD001B8B8A /* Debug */,
				E136CBC4234B2DAD001B8B8A /* Release */,
			);
			defaultConfigurationIsVisible = 0;
			defaultConfigurationName = Release;
		};
/* End XCConfigurationList section */
	};
	rootObject = E136CBA6234B2DAB001B8B8A /* Project object */;
}
