// !$*UTF8*$!
{
	archiveVersion = 1;
	classes = {
	};
	objectVersion = 50;
	objects = {

/* Begin PBXBuildFile section */
		E136CBB2234B2DAB001B8B8A /* AppDelegate.swift in Sources */ = {isa = PBXBuildFile; fileRef = E136CBB1234B2DAB001B8B8A /* AppDelegate.swift */; };
		E136CBB6234B2DAB001B8B8A /* ViewController.swift in Sources */ = {isa = PBXBuildFile; fileRef = E136CBB5234B2DAB001B8B8A /* ViewController.swift */; };
		E136CBB9234B2DAB001B8B8A /* Main.storyboard in Resources */ = {isa = PBXBuildFile; fileRef = E136CBB7234B2DAB001B8B8A /* Main.storyboard */; };
		E136CBBB234B2DAD001B8B8A /* Assets.xcassets in Resources */ = {isa = PBXBuildFile; fileRef = E136CBBA234B2DAD001B8B8A /* Assets.xcassets */; };
		E136CBBE234B2DAD001B8B8A /* LaunchScreen.storyboard in Resources */ = {isa = PBXBuildFile; fileRef = E136CBBC234B2DAD001B8B8A /* LaunchScreen.storyboard */; };
		E4B09A3F1279209ACE3E4DC3 /* Pods_Demo_iOS.framework in Frameworks */ = {isa = PBXBuildFile; fileRef = 35A2BDA937C77E563ADAA398 /* Pods_Demo_iOS.framework */; };
/* End PBXBuildFile section */

/* Begin PBXFileReference section */
		35A2BDA937C77E563ADAA398 /* Pods_Demo_iOS.framework */ = {isa = PBXFileReference; explicitFileType = wrapper.framework; includeInIndex = 0; path = Pods_Demo_iOS.framework; sourceTree = BUILT_PRODUCTS_DIR; };
		BC07534431A8187B7BFA80B6 /* Pods-Demo-iOS.release.xcconfig */ = {isa = PBXFileReference; includeInIndex = 1; lastKnownFileType = text.xcconfig; name = "Pods-Demo-iOS.release.xcconfig"; path = "Target Support Files/Pods-Demo-iOS/Pods-Demo-iOS.release.xcconfig"; sourceTree = "<group>"; };
		E136CBAE234B2DAB001B8B8A /* Demo-iOS.app */ = {isa = PBXFileReference; explicitFileType = wrapper.application; includeInIndex = 0; path = "Demo-iOS.app"; sourceTree = BUILT_PRODUCTS_DIR; };
		E136CBB1234B2DAB001B8B8A /* AppDelegate.swift */ = {isa = PBXFileReference; lastKnownFileType = sourcecode.swift; path = AppDelegate.swift; sourceTree = "<group>"; };
		E136CBB5234B2DAB001B8B8A /* ViewController.swift */ = {isa = PBXFileReference; lastKnownFileType = sourcecode.swift; path = ViewController.swift; sourceTree = "<group>"; };
		E136CBB8234B2DAB001B8B8A /* Base */ = {isa = PBXFileReference; lastKnownFileType = file.storyboard; name = Base; path = Base.lproj/Main.storyboard; sourceTree = "<group>"; };
		E136CBBA234B2DAD001B8B8A /* Assets.xcassets */ = {isa = PBXFileReference; lastKnownFileType = folder.assetcatalog; path = Assets.xcassets; sourceTree = "<group>"; };
		E136CBBD234B2DAD001B8B8A /* Base */ = {isa = PBXFileReference; lastKnownFileType = file.storyboard; name = Base; path = Base.lproj/LaunchScreen.storyboard; sourceTree = "<group>"; };
		E136CBBF234B2DAD001B8B8A /* Info.plist */ = {isa = PBXFileReference; lastKnownFileType = text.plist.xml; path = Info.plist; sourceTree = "<group>"; };
		EA3C5557F522A82AF1D996FC /* Pods-Demo-iOS.debug.xcconfig */ = {isa = PBXFileReference; includeInIndex = 1; lastKnownFileType = text.xcconfig; name = "Pods-Demo-iOS.debug.xcconfig"; path = "Target Support Files/Pods-Demo-iOS/Pods-Demo-iOS.debug.xcconfig"; sourceTree = "<group>"; };
/* End PBXFileReference section */

/* Begin PBXFrameworksBuildPhase section */
		E136CBAB234B2DAB001B8B8A /* Frameworks */ = {
			isa = PBXFrameworksBuildPhase;
			buildActionMask = 2147483647;
			files = (
				E4B09A3F1279209ACE3E4DC3 /* Pods_Demo_iOS.framework in Frameworks */,
			);
			runOnlyForDeploymentPostprocessing = 0;
		};
/* End PBXFrameworksBuildPhase section */

/* Begin PBXGroup section */
		6FFD942A502A7438AA16FCEA /* Pods */ = {
			isa = PBXGroup;
			children = (
				EA3C5557F522A82AF1D996FC /* Pods-Demo-iOS.debug.xcconfig */,
				BC07534431A8187B7BFA80B6 /* Pods-Demo-iOS.release.xcconfig */,
			);
			path = Pods;
			sourceTree = "<group>";
		};
		C3C464E1F06FB5CDDC2BBECC /* Frameworks */ = {
			isa = PBXGroup;
			children = (
				35A2BDA937C77E563ADAA398 /* Pods_Demo_iOS.framework */,
			);
			name = Frameworks;
			sourceTree = "<group>";
		};
		E136CBA5234B2DAB001B8B8A = {
			isa = PBXGroup;
			children = (
				E136CBB0234B2DAB001B8B8A /* Demo-iOS */,
				E136CBAF234B2DAB001B8B8A /* Products */,
				6FFD942A502A7438AA16FCEA /* Pods */,
				C3C464E1F06FB5CDDC2BBECC /* Frameworks */,
			);
			sourceTree = "<group>";
		};
		E136CBAF234B2DAB001B8B8A /* Products */ = {
			isa = PBXGroup;
			children = (
				E136CBAE234B2DAB001B8B8A /* Demo-iOS.app */,
			);
			name = Products;
			sourceTree = "<group>";
		};
		E136CBB0234B2DAB001B8B8A /* Demo-iOS */ = {
			isa = PBXGroup;
			children = (
				E136CBB1234B2DAB001B8B8A /* AppDelegate.swift */,
				E136CBB5234B2DAB001B8B8A /* ViewController.swift */,
				E136CBB7234B2DAB001B8B8A /* Main.storyboard */,
				E136CBBA234B2DAD001B8B8A /* Assets.xcassets */,
				E136CBBC234B2DAD001B8B8A /* LaunchScreen.storyboard */,
				E136CBBF234B2DAD001B8B8A /* Info.plist */,
			);
			path = "Demo-iOS";
			sourceTree = "<group>";
		};
/* End PBXGroup section */

/* Begin PBXNativeTarget section */
		E136CBAD234B2DAB001B8B8A /* Demo-iOS */ = {
			isa = PBXNativeTarget;
			buildConfigurationList = E136CBC2234B2DAD001B8B8A /* Build configuration list for PBXNativeTarget "Demo-iOS" */;
			buildPhases = (
				C05A0CD8E1FCBFA9EB0D03DB /* [CP] Check Pods Manifest.lock */,
				E136CBC6234B32F1001B8B8A /* Run SwiftFormat */,
				E136CBC5234B32C1001B8B8A /* Run SwiftLint */,
				E136CBAA234B2DAB001B8B8A /* Sources */,
				E136CBAB234B2DAB001B8B8A /* Frameworks */,
				E136CBAC234B2DAB001B8B8A /* Resources */,
			);
			buildRules = (
			);
			dependencies = (
			);
			name = "Demo-iOS";
			productName = "Demo-iOS";
			productReference = E136CBAE234B2DAB001B8B8A /* Demo-iOS.app */;
			productType = "com.apple.product-type.application";
		};
/* End PBXNativeTarget section */

/* Begin PBXProject section */
		E136CBA6234B2DAB001B8B8A /* Project object */ = {
			isa = PBXProject;
			attributes = {
				LastSwiftUpdateCheck = 1100;
				LastUpgradeCheck = 1100;
				ORGANIZATIONNAME = ltblueberry;
				TargetAttributes = {
					E136CBAD234B2DAB001B8B8A = {
						CreatedOnToolsVersion = 11.0;
					};
				};
			};
			buildConfigurationList = E136CBA9234B2DAB001B8B8A /* Build configuration list for PBXProject "Demo-iOS" */;
			compatibilityVersion = "Xcode 9.3";
			developmentRegion = en;
			hasScannedForEncodings = 0;
			knownRegions = (
				en,
				Base,
			);
			mainGroup = E136CBA5234B2DAB001B8B8A;
			productRefGroup = E136CBAF234B2DAB001B8B8A /* Products */;
			projectDirPath = "";
			projectRoot = "";
			targets = (
				E136CBAD234B2DAB001B8B8A /* Demo-iOS */,
			);
		};
/* End PBXProject section */

/* Begin PBXResourcesBuildPhase section */
		E136CBAC234B2DAB001B8B8A /* Resources */ = {
			isa = PBXResourcesBuildPhase;
			buildActionMask = 2147483647;
			files = (
				E136CBBE234B2DAD001B8B8A /* LaunchScreen.storyboard in Resources */,
				E136CBBB234B2DAD001B8B8A /* Assets.xcassets in Resources */,
				E136CBB9234B2DAB001B8B8A /* Main.storyboard in Resources */,
			);
			runOnlyForDeploymentPostprocessing = 0;
		};
/* End PBXResourcesBuildPhase section */

/* Begin PBXShellScriptBuildPhase section */
		C05A0CD8E1FCBFA9EB0D03DB /* [CP] Check Pods Manifest.lock */ = {
			isa = PBXShellScriptBuildPhase;
			buildActionMask = 2147483647;
			files = (
			);
			inputFileListPaths = (
			);
			inputPaths = (
				"${PODS_PODFILE_DIR_PATH}/Podfile.lock",
				"${PODS_ROOT}/Manifest.lock",
			);
			name = "[CP] Check Pods Manifest.lock";
			outputFileListPaths = (
			);
			outputPaths = (
				"$(DERIVED_FILE_DIR)/Pods-Demo-iOS-checkManifestLockResult.txt",
			);
			runOnlyForDeploymentPostprocessing = 0;
			shellPath = /bin/sh;
			shellScript = "diff \"${PODS_PODFILE_DIR_PATH}/Podfile.lock\" \"${PODS_ROOT}/Manifest.lock\" > /dev/null\nif [ $? != 0 ] ; then\n    # print error to STDERR\n    echo \"error: The sandbox is not in sync with the Podfile.lock. Run 'pod install' or update your CocoaPods installation.\" >&2\n    exit 1\nfi\n# This output is used by Xcode 'outputs' to avoid re-running this script phase.\necho \"SUCCESS\" > \"${SCRIPT_OUTPUT_FILE_0}\"\n";
			showEnvVarsInLog = 0;
		};
		E136CBC5234B32C1001B8B8A /* Run SwiftLint */ = {
			isa = PBXShellScriptBuildPhase;
			buildActionMask = 2147483647;
			files = (
			);
			inputFileListPaths = (
			);
			inputPaths = (
			);
			name = "Run SwiftLint";
			outputFileListPaths = (
			);
			outputPaths = (
			);
			runOnlyForDeploymentPostprocessing = 0;
			shellPath = /bin/sh;
			shellScript = "${PODS_ROOT}/SwiftLint/swiftlint\n";
		};
		E136CBC6234B32F1001B8B8A /* Run SwiftFormat */ = {
			isa = PBXShellScriptBuildPhase;
			buildActionMask = 2147483647;
			files = (
			);
			inputFileListPaths = (
			);
			inputPaths = (
			);
			name = "Run SwiftFormat";
			outputFileListPaths = (
			);
			outputPaths = (
			);
			runOnlyForDeploymentPostprocessing = 0;
			shellPath = /bin/sh;
			shellScript = "\"${PODS_ROOT}/SwiftFormat/CommandLineTool/swiftformat\"\n";
		};
/* End PBXShellScriptBuildPhase section */

/* Begin PBXSourcesBuildPhase section */
		E136CBAA234B2DAB001B8B8A /* Sources */ = {
			isa = PBXSourcesBuildPhase;
			buildActionMask = 2147483647;
			files = (
				E136CBB6234B2DAB001B8B8A /* ViewController.swift in Sources */,
				E136CBB2234B2DAB001B8B8A /* AppDelegate.swift in Sources */,
			);
			runOnlyForDeploymentPostprocessing = 0;
		};
/* End PBXSourcesBuildPhase section */

/* Begin PBXVariantGroup section */
		E136CBB7234B2DAB001B8B8A /* Main.storyboard */ = {
			isa = PBXVariantGroup;
			children = (
				E136CBB8234B2DAB001B8B8A /* Base */,
			);
			name = Main.storyboard;
			sourceTree = "<group>";
		};
		E136CBBC234B2DAD001B8B8A /* LaunchScreen.storyboard */ = {
			isa = PBXVariantGroup;
			children = (
				E136CBBD234B2DAD001B8B8A /* Base */,
			);
			name = LaunchScreen.storyboard;
			sourceTree = "<group>";
		};
/* End PBXVariantGroup section */

/* Begin XCBuildConfiguration section */
		E136CBC0234B2DAD001B8B8A /* Debug */ = {
			isa = XCBuildConfiguration;
			buildSettings = {
				ALWAYS_SEARCH_USER_PATHS = NO;
				CLANG_ANALYZER_NONNULL = YES;
				CLANG_ANALYZER_NUMBER_OBJECT_CONVERSION = YES_AGGRESSIVE;
				CLANG_CXX_LANGUAGE_STANDARD = "gnu++14";
				CLANG_CXX_LIBRARY = "libc++";
				CLANG_ENABLE_MODULES = YES;
				CLANG_ENABLE_OBJC_ARC = YES;
				CLANG_ENABLE_OBJC_WEAK = YES;
				CLANG_WARN_BLOCK_CAPTURE_AUTORELEASING = YES;
				CLANG_WARN_BOOL_CONVERSION = YES;
				CLANG_WARN_COMMA = YES;
				CLANG_WARN_CONSTANT_CONVERSION = YES;
				CLANG_WARN_DEPRECATED_OBJC_IMPLEMENTATIONS = YES;
				CLANG_WARN_DIRECT_OBJC_ISA_USAGE = YES_ERROR;
				CLANG_WARN_DOCUMENTATION_COMMENTS = YES;
				CLANG_WARN_EMPTY_BODY = YES;
				CLANG_WARN_ENUM_CONVERSION = YES;
				CLANG_WARN_INFINITE_RECURSION = YES;
				CLANG_WARN_INT_CONVERSION = YES;
				CLANG_WARN_NON_LITERAL_NULL_CONVERSION = YES;
				CLANG_WARN_OBJC_IMPLICIT_RETAIN_SELF = YES;
				CLANG_WARN_OBJC_LITERAL_CONVERSION = YES;
				CLANG_WARN_OBJC_ROOT_CLASS = YES_ERROR;
				CLANG_WARN_RANGE_LOOP_ANALYSIS = YES;
				CLANG_WARN_STRICT_PROTOTYPES = YES;
				CLANG_WARN_SUSPICIOUS_MOVE = YES;
				CLANG_WARN_UNGUARDED_AVAILABILITY = YES_AGGRESSIVE;
				CLANG_WARN_UNREACHABLE_CODE = YES;
				CLANG_WARN__DUPLICATE_METHOD_MATCH = YES;
				COPY_PHASE_STRIP = NO;
				DEBUG_INFORMATION_FORMAT = dwarf;
				ENABLE_STRICT_OBJC_MSGSEND = YES;
				ENABLE_TESTABILITY = YES;
				GCC_C_LANGUAGE_STANDARD = gnu11;
				GCC_DYNAMIC_NO_PIC = NO;
				GCC_NO_COMMON_BLOCKS = YES;
				GCC_OPTIMIZATION_LEVEL = 0;
				GCC_PREPROCESSOR_DEFINITIONS = (
					"DEBUG=1",
					"$(inherited)",
				);
				GCC_WARN_64_TO_32_BIT_CONVERSION = YES;
				GCC_WARN_ABOUT_RETURN_TYPE = YES_ERROR;
				GCC_WARN_UNDECLARED_SELECTOR = YES;
				GCC_WARN_UNINITIALIZED_AUTOS = YES_AGGRESSIVE;
				GCC_WARN_UNUSED_FUNCTION = YES;
				GCC_WARN_UNUSED_VARIABLE = YES;
				IPHONEOS_DEPLOYMENT_TARGET = 13.0;
				MTL_ENABLE_DEBUG_INFO = INCLUDE_SOURCE;
				MTL_FAST_MATH = YES;
				ONLY_ACTIVE_ARCH = YES;
				SDKROOT = iphoneos;
				SWIFT_ACTIVE_COMPILATION_CONDITIONS = DEBUG;
				SWIFT_OPTIMIZATION_LEVEL = "-Onone";
			};
			name = Debug;
		};
		E136CBC1234B2DAD001B8B8A /* Release */ = {
			isa = XCBuildConfiguration;
			buildSettings = {
				ALWAYS_SEARCH_USER_PATHS = NO;
				CLANG_ANALYZER_NONNULL = YES;
				CLANG_ANALYZER_NUMBER_OBJECT_CONVERSION = YES_AGGRESSIVE;
				CLANG_CXX_LANGUAGE_STANDARD = "gnu++14";
				CLANG_CXX_LIBRARY = "libc++";
				CLANG_ENABLE_MODULES = YES;
				CLANG_ENABLE_OBJC_ARC = YES;
				CLANG_ENABLE_OBJC_WEAK = YES;
				CLANG_WARN_BLOCK_CAPTURE_AUTORELEASING = YES;
				CLANG_WARN_BOOL_CONVERSION = YES;
				CLANG_WARN_COMMA = YES;
				CLANG_WARN_CONSTANT_CONVERSION = YES;
				CLANG_WARN_DEPRECATED_OBJC_IMPLEMENTATIONS = YES;
				CLANG_WARN_DIRECT_OBJC_ISA_USAGE = YES_ERROR;
				CLANG_WARN_DOCUMENTATION_COMMENTS = YES;
				CLANG_WARN_EMPTY_BODY = YES;
				CLANG_WARN_ENUM_CONVERSION = YES;
				CLANG_WARN_INFINITE_RECURSION = YES;
				CLANG_WARN_INT_CONVERSION = YES;
				CLANG_WARN_NON_LITERAL_NULL_CONVERSION = YES;
				CLANG_WARN_OBJC_IMPLICIT_RETAIN_SELF = YES;
				CLANG_WARN_OBJC_LITERAL_CONVERSION = YES;
				CLANG_WARN_OBJC_ROOT_CLASS = YES_ERROR;
				CLANG_WARN_RANGE_LOOP_ANALYSIS = YES;
				CLANG_WARN_STRICT_PROTOTYPES = YES;
				CLANG_WARN_SUSPICIOUS_MOVE = YES;
				CLANG_WARN_UNGUARDED_AVAILABILITY = YES_AGGRESSIVE;
				CLANG_WARN_UNREACHABLE_CODE = YES;
				CLANG_WARN__DUPLICATE_METHOD_MATCH = YES;
				COPY_PHASE_STRIP = NO;
				DEBUG_INFORMATION_FORMAT = "dwarf-with-dsym";
				ENABLE_NS_ASSERTIONS = NO;
				ENABLE_STRICT_OBJC_MSGSEND = YES;
				GCC_C_LANGUAGE_STANDARD = gnu11;
				GCC_NO_COMMON_BLOCKS = YES;
				GCC_WARN_64_TO_32_BIT_CONVERSION = YES;
				GCC_WARN_ABOUT_RETURN_TYPE = YES_ERROR;
				GCC_WARN_UNDECLARED_SELECTOR = YES;
				GCC_WARN_UNINITIALIZED_AUTOS = YES_AGGRESSIVE;
				GCC_WARN_UNUSED_FUNCTION = YES;
				GCC_WARN_UNUSED_VARIABLE = YES;
				IPHONEOS_DEPLOYMENT_TARGET = 13.0;
				MTL_ENABLE_DEBUG_INFO = NO;
				MTL_FAST_MATH = YES;
				SDKROOT = iphoneos;
				SWIFT_COMPILATION_MODE = wholemodule;
				SWIFT_OPTIMIZATION_LEVEL = "-O";
				VALIDATE_PRODUCT = YES;
			};
			name = Release;
		};
		E136CBC3234B2DAD001B8B8A /* Debug */ = {
			isa = XCBuildConfiguration;
			baseConfigurationReference = EA3C5557F522A82AF1D996FC /* Pods-Demo-iOS.debug.xcconfig */;
			buildSettings = {
				ASSETCATALOG_COMPILER_APPICON_NAME = AppIcon;
				CODE_SIGN_STYLE = Automatic;
				INFOPLIST_FILE = "Demo-iOS/Info.plist";
				LD_RUNPATH_SEARCH_PATHS = (
					"$(inherited)",
					"@executable_path/Frameworks",
				);
				PRODUCT_BUNDLE_IDENTIFIER = ltblueberry.demo;
				PRODUCT_NAME = "$(TARGET_NAME)";
				SWIFT_VERSION = 5.0;
				TARGETED_DEVICE_FAMILY = 1;
			};
			name = Debug;
		};
		E136CBC4234B2DAD001B8B8A /* Release */ = {
			isa = XCBuildConfiguration;
			baseConfigurationReference = BC07534431A8187B7BFA80B6 /* Pods-Demo-iOS.release.xcconfig */;
			buildSettings = {
				ASSETCATALOG_COMPILER_APPICON_NAME = AppIcon;
				CODE_SIGN_STYLE = Automatic;
				INFOPLIST_FILE = "Demo-iOS/Info.plist";
				LD_RUNPATH_SEARCH_PATHS = (
					"$(inherited)",
					"@executable_path/Frameworks",
				);
				PRODUCT_BUNDLE_IDENTIFIER = ltblueberry.demo;
				PRODUCT_NAME = "$(TARGET_NAME)";
				SWIFT_VERSION = 5.0;
				TARGETED_DEVICE_FAMILY = 1;
			};
			name = Release;
		};
/* End XCBuildConfiguration section */

/* Begin XCConfigurationList section */
		E136CBA9234B2DAB001B8B8A /* Build configuration list for PBXProject "Demo-iOS" */ = {
			isa = XCConfigurationList;
			buildConfigurations = (
				E136CBC0234B2DAD001B8B8A /* Debug */,
				E136CBC1234B2DAD001B8B8A /* Release */,
			);
			defaultConfigurationIsVisible = 0;
			defaultConfigurationName = Release;
		};
		E136CBC2234B2DAD001B8B8A /* Build configuration list for PBXNativeTarget "Demo-iOS" */ = {
			isa = XCConfigurationList;
			buildConfigurations = (
				E136CBC3234B2DAD001B8B8A /* Debug */,
				E136CBC4234B2DAD001B8B8A /* Release */,
			);
			defaultConfigurationIsVisible = 0;
			defaultConfigurationName = Release;
		};
/* End XCConfigurationList section */
	};
	rootObject = E136CBA6234B2DAB001B8B8A /* Project object */;
}
